// !$*UTF8*$!
{
	archiveVersion = 1;
	classes = {
	};
	objectVersion = 46;
	objects = {

/* Begin PBXBuildFile section */
		B80A437515F412400006205F /* Contacts.m in Sources */ = {isa = PBXBuildFile; fileRef = B80A437315F412390006205F /* Contacts.m */; };
		B80A437615F412400006205F /* Contacts.xib in Resources */ = {isa = PBXBuildFile; fileRef = B80A437415F4123C0006205F /* Contacts.xib */; };
		B80A437815F413D60006205F /* MapKit.framework in Frameworks */ = {isa = PBXBuildFile; fileRef = B80A437715F413D60006205F /* MapKit.framework */; };
		B84133C115ED35180086C917 /* UIKit.framework in Frameworks */ = {isa = PBXBuildFile; fileRef = B84133C015ED35180086C917 /* UIKit.framework */; };
		B84133C315ED35180086C917 /* Foundation.framework in Frameworks */ = {isa = PBXBuildFile; fileRef = B84133C215ED35180086C917 /* Foundation.framework */; };
		B84133C515ED35180086C917 /* CoreGraphics.framework in Frameworks */ = {isa = PBXBuildFile; fileRef = B84133C415ED35180086C917 /* CoreGraphics.framework */; };
		B84133CB15ED35180086C917 /* InfoPlist.strings in Resources */ = {isa = PBXBuildFile; fileRef = B84133C915ED35180086C917 /* InfoPlist.strings */; };
		B84133CD15ED35180086C917 /* main.m in Sources */ = {isa = PBXBuildFile; fileRef = B84133CC15ED35180086C917 /* main.m */; };
		B84133D115ED35180086C917 /* AppDelegate.m in Sources */ = {isa = PBXBuildFile; fileRef = B84133D015ED35180086C917 /* AppDelegate.m */; };
		B84133E415ED36440086C917 /* Window.xib in Resources */ = {isa = PBXBuildFile; fileRef = B84133E315ED36440086C917 /* Window.xib */; };
		B84133F115ED3CCD0086C917 /* BrowserViewController.m in Sources */ = {isa = PBXBuildFile; fileRef = B84133EF15ED3CCD0086C917 /* BrowserViewController.m */; };
		B84133F215ED3CCD0086C917 /* BrowserViewController.xib in Resources */ = {isa = PBXBuildFile; fileRef = B84133F015ED3CCD0086C917 /* BrowserViewController.xib */; };
		B841344B15EDA2520086C917 /* libSDWebImageARC.a in Frameworks */ = {isa = PBXBuildFile; fileRef = B841344615EDA2220086C917 /* libSDWebImageARC.a */; };
		B841344D15EDA2600086C917 /* ImageIO.framework in Frameworks */ = {isa = PBXBuildFile; fileRef = B841344C15EDA2600086C917 /* ImageIO.framework */; };
		B841345415EDA7DF0086C917 /* Galleries.m in Sources */ = {isa = PBXBuildFile; fileRef = B841345315EDA7DF0086C917 /* Galleries.m */; };
		B841345615EDA9830086C917 /* Galleries.xib in Resources */ = {isa = PBXBuildFile; fileRef = B841345515EDA9830086C917 /* Galleries.xib */; };
		B84953B015EFA62E003B340A /* Post.m in Sources */ = {isa = PBXBuildFile; fileRef = B84953AE15EFA62E003B340A /* Post.m */; };
		B84953B115EFA62E003B340A /* Post.xib in Resources */ = {isa = PBXBuildFile; fileRef = B84953AF15EFA62E003B340A /* Post.xib */; };
		B84953B415F00FFB003B340A /* Detail.m in Sources */ = {isa = PBXBuildFile; fileRef = B84953B315F00FFA003B340A /* Detail.m */; };
		B84953B615F0179B003B340A /* running.png in Resources */ = {isa = PBXBuildFile; fileRef = B84953B515F0179B003B340A /* running.png */; };
		B84953B815F017CE003B340A /* running@2x.png in Resources */ = {isa = PBXBuildFile; fileRef = B84953B715F017CE003B340A /* running@2x.png */; };
		B84953BF15F01A4F003B340A /* contact.png in Resources */ = {isa = PBXBuildFile; fileRef = B84953B915F01A4F003B340A /* contact.png */; };
		B84953C015F01A4F003B340A /* contact@2x.png in Resources */ = {isa = PBXBuildFile; fileRef = B84953BA15F01A4F003B340A /* contact@2x.png */; };
		B84953C115F01A4F003B340A /* home.png in Resources */ = {isa = PBXBuildFile; fileRef = B84953BB15F01A4F003B340A /* home.png */; };
		B84953C215F01A4F003B340A /* home@2x.png in Resources */ = {isa = PBXBuildFile; fileRef = B84953BC15F01A4F003B340A /* home@2x.png */; };
		B84953C315F01A4F003B340A /* photo.png in Resources */ = {isa = PBXBuildFile; fileRef = B84953BD15F01A4F003B340A /* photo.png */; };
		B84953C415F01A4F003B340A /* photo@2x.png in Resources */ = {isa = PBXBuildFile; fileRef = B84953BE15F01A4F003B340A /* photo@2x.png */; };
		B84953C815F01B38003B340A /* play.png in Resources */ = {isa = PBXBuildFile; fileRef = B84953C615F01B38003B340A /* play.png */; };
		B84953C915F01B38003B340A /* play@2x.png in Resources */ = {isa = PBXBuildFile; fileRef = B84953C715F01B38003B340A /* play@2x.png */; };
		B84953CD15F01CA6003B340A /* Gallery.m in Sources */ = {isa = PBXBuildFile; fileRef = B84953CB15F01CA5003B340A /* Gallery.m */; };
		B84953CE15F01CA6003B340A /* Gallery.xib in Resources */ = {isa = PBXBuildFile; fileRef = B84953CC15F01CA5003B340A /* Gallery.xib */; };
		B84953D815F01D97003B340A /* Blog.m in Sources */ = {isa = PBXBuildFile; fileRef = B84953D615F01D97003B340A /* Blog.m */; };
		B84953D915F01D97003B340A /* Blog.xib in Resources */ = {isa = PBXBuildFile; fileRef = B84953D715F01D97003B340A /* Blog.xib */; };
		B84953DD15F01DD9003B340A /* School.m in Sources */ = {isa = PBXBuildFile; fileRef = B84953DB15F01DD9003B340A /* School.m */; };
		B84953DE15F01DD9003B340A /* School.xib in Resources */ = {isa = PBXBuildFile; fileRef = B84953DC15F01DD9003B340A /* School.xib */; };
		B84953E215F0203A003B340A /* Memory.m in Sources */ = {isa = PBXBuildFile; fileRef = B84953E015F0203A003B340A /* Memory.m */; };
		B84953E315F0203A003B340A /* Memory.xib in Resources */ = {isa = PBXBuildFile; fileRef = B84953E115F0203A003B340A /* Memory.xib */; };
		B84953F015F0218B003B340A /* Card.m in Sources */ = {isa = PBXBuildFile; fileRef = B84953EF15F0218B003B340A /* Card.m */; };
		B84953F515F02511003B340A /* Pettinelli.png in Resources */ = {isa = PBXBuildFile; fileRef = B84953F315F02511003B340A /* Pettinelli.png */; };
		B84953F615F02511003B340A /* Pettinelli@2x.png in Resources */ = {isa = PBXBuildFile; fileRef = B84953F415F02511003B340A /* Pettinelli@2x.png */; };
		B8565B8715F4170E00A4BFE3 /* MyAnnotation.m in Sources */ = {isa = PBXBuildFile; fileRef = B8565B8515F4170E00A4BFE3 /* MyAnnotation.m */; };
		B8565B8D15F4B76200A4BFE3 /* MessageUI.framework in Frameworks */ = {isa = PBXBuildFile; fileRef = B8565B8C15F4B76200A4BFE3 /* MessageUI.framework */; };
		B859D28F15F74F4100C19F66 /* icon-144.png in Resources */ = {isa = PBXBuildFile; fileRef = B859D28815F74F4100C19F66 /* icon-144.png */; };
		B859D29015F74F4100C19F66 /* icon-72.png in Resources */ = {isa = PBXBuildFile; fileRef = B859D28915F74F4100C19F66 /* icon-72.png */; };
		B859D29115F74F4100C19F66 /* Icon-Small-50.png in Resources */ = {isa = PBXBuildFile; fileRef = B859D28A15F74F4100C19F66 /* Icon-Small-50.png */; };
		B859D29215F74F4100C19F66 /* Icon-Small.png in Resources */ = {isa = PBXBuildFile; fileRef = B859D28B15F74F4100C19F66 /* Icon-Small.png */; };
		B859D29315F74F4100C19F66 /* Icon-Small@2x.png in Resources */ = {isa = PBXBuildFile; fileRef = B859D28C15F74F4100C19F66 /* Icon-Small@2x.png */; };
		B859D29415F74F4100C19F66 /* icon.png in Resources */ = {isa = PBXBuildFile; fileRef = B859D28D15F74F4100C19F66 /* icon.png */; };
		B859D29515F74F4100C19F66 /* icon@2x.png in Resources */ = {isa = PBXBuildFile; fileRef = B859D28E15F74F4100C19F66 /* icon@2x.png */; };
		B859D29A15F74F5000C19F66 /* post iPad.txt in Resources */ = {isa = PBXBuildFile; fileRef = B859D29715F74F5000C19F66 /* post iPad.txt */; };
		B859D29C15F74F5000C19F66 /* post.txt in Resources */ = {isa = PBXBuildFile; fileRef = B859D29915F74F5000C19F66 /* post.txt */; };
		B859D2A015F74F7000C19F66 /* refresh_icon.png in Resources */ = {isa = PBXBuildFile; fileRef = B859D29D15F74F7000C19F66 /* refresh_icon.png */; };
		B859D2A115F74F7000C19F66 /* refresh_icon@2x.png in Resources */ = {isa = PBXBuildFile; fileRef = B859D29E15F74F7000C19F66 /* refresh_icon@2x.png */; };
		B859D2A215F74F7000C19F66 /* loading.gif in Resources */ = {isa = PBXBuildFile; fileRef = B859D29F15F74F7000C19F66 /* loading.gif */; };
		B859D2A415F74F7900C19F66 /* Letter.png in Resources */ = {isa = PBXBuildFile; fileRef = B859D2A315F74F7900C19F66 /* Letter.png */; };
		B859D2A715F751C500C19F66 /* MBProgressHUD.m in Sources */ = {isa = PBXBuildFile; fileRef = B859D2A515F751C500C19F66 /* MBProgressHUD.m */; };
		B859D2C215F753BC00C19F66 /* NSObject+SBJson.m in Sources */ = {isa = PBXBuildFile; fileRef = B859D2AA15F753BC00C19F66 /* NSObject+SBJson.m */; };
		B859D2C315F753BC00C19F66 /* SBJsonParser.m in Sources */ = {isa = PBXBuildFile; fileRef = B859D2AD15F753BC00C19F66 /* SBJsonParser.m */; };
		B859D2C415F753BC00C19F66 /* SBJsonStreamParser.m in Sources */ = {isa = PBXBuildFile; fileRef = B859D2AF15F753BC00C19F66 /* SBJsonStreamParser.m */; };
		B859D2C515F753BC00C19F66 /* SBJsonStreamParserAccumulator.m in Sources */ = {isa = PBXBuildFile; fileRef = B859D2B115F753BC00C19F66 /* SBJsonStreamParserAccumulator.m */; };
		B859D2C615F753BC00C19F66 /* SBJsonStreamParserAdapter.m in Sources */ = {isa = PBXBuildFile; fileRef = B859D2B315F753BC00C19F66 /* SBJsonStreamParserAdapter.m */; };
		B859D2C715F753BC00C19F66 /* SBJsonStreamParserState.m in Sources */ = {isa = PBXBuildFile; fileRef = B859D2B515F753BC00C19F66 /* SBJsonStreamParserState.m */; };
		B859D2C815F753BC00C19F66 /* SBJsonStreamWriter.m in Sources */ = {isa = PBXBuildFile; fileRef = B859D2B715F753BC00C19F66 /* SBJsonStreamWriter.m */; };
		B859D2C915F753BC00C19F66 /* SBJsonStreamWriterAccumulator.m in Sources */ = {isa = PBXBuildFile; fileRef = B859D2B915F753BC00C19F66 /* SBJsonStreamWriterAccumulator.m */; };
		B859D2CA15F753BC00C19F66 /* SBJsonStreamWriterState.m in Sources */ = {isa = PBXBuildFile; fileRef = B859D2BB15F753BC00C19F66 /* SBJsonStreamWriterState.m */; };
		B859D2CB15F753BC00C19F66 /* SBJsonTokeniser.m in Sources */ = {isa = PBXBuildFile; fileRef = B859D2BD15F753BC00C19F66 /* SBJsonTokeniser.m */; };
		B859D2CC15F753BC00C19F66 /* SBJsonUTF8Stream.m in Sources */ = {isa = PBXBuildFile; fileRef = B859D2BF15F753BC00C19F66 /* SBJsonUTF8Stream.m */; };
		B859D2CD15F753BC00C19F66 /* SBJsonWriter.m in Sources */ = {isa = PBXBuildFile; fileRef = B859D2C115F753BC00C19F66 /* SBJsonWriter.m */; };
		B859D2D015F753D900C19F66 /* flip.mp3 in Resources */ = {isa = PBXBuildFile; fileRef = B859D2CE15F753D900C19F66 /* flip.mp3 */; };
		B859D2D115F753D900C19F66 /* found.mp3 in Resources */ = {isa = PBXBuildFile; fileRef = B859D2CF15F753D900C19F66 /* found.mp3 */; };
		B8960A0915F110A20032D653 /* Abramo.m in Sources */ = {isa = PBXBuildFile; fileRef = B8960A0815F110A20032D653 /* Abramo.m */; };
		B8960A0C15F17A4F0032D653 /* AudioToolbox.framework in Frameworks */ = {isa = PBXBuildFile; fileRef = B8960A0A15F17A4F0032D653 /* AudioToolbox.framework */; };
		B8960A0D15F17A4F0032D653 /* CoreAudio.framework in Frameworks */ = {isa = PBXBuildFile; fileRef = B8960A0B15F17A4F0032D653 /* CoreAudio.framework */; };
		B8960A1215F17C170032D653 /* AVFoundation.framework in Frameworks */ = {isa = PBXBuildFile; fileRef = B8960A1115F17C170032D653 /* AVFoundation.framework */; };
		B8BD00CA15F2DDC800F2E995 /* loading-1 (trascinato).tiff in Resources */ = {isa = PBXBuildFile; fileRef = B8BD00B615F2DDC800F2E995 /* loading-1 (trascinato).tiff */; };
		B8BD00CB15F2DDC800F2E995 /* loading-10 (trascinato).tiff in Resources */ = {isa = PBXBuildFile; fileRef = B8BD00B715F2DDC800F2E995 /* loading-10 (trascinato).tiff */; };
		B8BD00CC15F2DDC800F2E995 /* loading-11 (trascinato).tiff in Resources */ = {isa = PBXBuildFile; fileRef = B8BD00B815F2DDC800F2E995 /* loading-11 (trascinato).tiff */; };
		B8BD00D515F2DDC800F2E995 /* loading-2 (trascinato).tiff in Resources */ = {isa = PBXBuildFile; fileRef = B8BD00C115F2DDC800F2E995 /* loading-2 (trascinato).tiff */; };
		B8BD00D715F2DDC800F2E995 /* loading-3 (trascinato).tiff in Resources */ = {isa = PBXBuildFile; fileRef = B8BD00C315F2DDC800F2E995 /* loading-3 (trascinato).tiff */; };
		B8BD00D815F2DDC800F2E995 /* loading-4 (trascinato).tiff in Resources */ = {isa = PBXBuildFile; fileRef = B8BD00C415F2DDC800F2E995 /* loading-4 (trascinato).tiff */; };
		B8BD00D915F2DDC800F2E995 /* loading-5 (trascinato).tiff in Resources */ = {isa = PBXBuildFile; fileRef = B8BD00C515F2DDC800F2E995 /* loading-5 (trascinato).tiff */; };
		B8BD00DA15F2DDC800F2E995 /* loading-6 (trascinato).tiff in Resources */ = {isa = PBXBuildFile; fileRef = B8BD00C615F2DDC800F2E995 /* loading-6 (trascinato).tiff */; };
		B8BD00DB15F2DDC800F2E995 /* loading-7 (trascinato).tiff in Resources */ = {isa = PBXBuildFile; fileRef = B8BD00C715F2DDC800F2E995 /* loading-7 (trascinato).tiff */; };
		B8BD00DC15F2DDC800F2E995 /* loading-8 (trascinato).tiff in Resources */ = {isa = PBXBuildFile; fileRef = B8BD00C815F2DDC800F2E995 /* loading-8 (trascinato).tiff */; };
		B8BD00DD15F2DDC800F2E995 /* loading-9 (trascinato).tiff in Resources */ = {isa = PBXBuildFile; fileRef = B8BD00C915F2DDC800F2E995 /* loading-9 (trascinato).tiff */; };
		B8D09DC515F54F6A0055D321 /* Cell.m in Sources */ = {isa = PBXBuildFile; fileRef = B8D09DC415F54F6A0055D321 /* Cell.m */; };
		B8D09DC715F54F850055D321 /* Cell.xib in Resources */ = {isa = PBXBuildFile; fileRef = B8D09DC615F54F850055D321 /* Cell.xib */; };
		B8D09DD515F556650055D321 /* Cell_iPad.m in Sources */ = {isa = PBXBuildFile; fileRef = B8D09DD215F556580055D321 /* Cell_iPad.m */; };
		B8D09DD615F556680055D321 /* Cell_iPad.xib in Resources */ = {isa = PBXBuildFile; fileRef = B8D09DD315F556580055D321 /* Cell_iPad.xib */; };
/* End PBXBuildFile section */

/* Begin PBXContainerItemProxy section */
		B841344315EDA2220086C917 /* PBXContainerItemProxy */ = {
			isa = PBXContainerItemProxy;
			containerPortal = B841343A15EDA2210086C917 /* SDWebImage.xcodeproj */;
			proxyType = 2;
			remoteGlobalIDString = 53922D6F148C55820056699D;
			remoteInfo = SDWebImage;
		};
		B841344515EDA2220086C917 /* PBXContainerItemProxy */ = {
			isa = PBXContainerItemProxy;
			containerPortal = B841343A15EDA2210086C917 /* SDWebImage.xcodeproj */;
			proxyType = 2;
			remoteGlobalIDString = 53761325155AD0D5005750A4;
			remoteInfo = "SDWebImage ARC";
		};
		B841344715EDA2220086C917 /* PBXContainerItemProxy */ = {
			isa = PBXContainerItemProxy;
			containerPortal = B841343A15EDA2210086C917 /* SDWebImage.xcodeproj */;
			proxyType = 2;
			remoteGlobalIDString = 531041E0157EAFA400BBABC3;
			remoteInfo = "SDWebImage ARC+MKAnnotation";
		};
		B841344915EDA2390086C917 /* PBXContainerItemProxy */ = {
			isa = PBXContainerItemProxy;
			containerPortal = B841343A15EDA2210086C917 /* SDWebImage.xcodeproj */;
			proxyType = 1;
			remoteGlobalIDString = 53761307155AD0D5005750A4;
			remoteInfo = "SDWebImage ARC";
		};
/* End PBXContainerItemProxy section */

/* Begin PBXFileReference section */
		B80A437215F412380006205F /* Contacts.h */ = {isa = PBXFileReference; fileEncoding = 4; lastKnownFileType = sourcecode.c.h; name = Contacts.h; path = controllers/Contacts.h; sourceTree = "<group>"; };
		B80A437315F412390006205F /* Contacts.m */ = {isa = PBXFileReference; fileEncoding = 4; lastKnownFileType = sourcecode.c.objc; name = Contacts.m; path = controllers/Contacts.m; sourceTree = "<group>"; };
		B80A437415F4123C0006205F /* Contacts.xib */ = {isa = PBXFileReference; fileEncoding = 4; lastKnownFileType = file.xib; name = Contacts.xib; path = controllers/Contacts.xib; sourceTree = "<group>"; };
		B80A437715F413D60006205F /* MapKit.framework */ = {isa = PBXFileReference; lastKnownFileType = wrapper.framework; name = MapKit.framework; path = System/Library/Frameworks/MapKit.framework; sourceTree = SDKROOT; };
		B84133BC15ED35180086C917 /* Pettinelli.app */ = {isa = PBXFileReference; explicitFileType = wrapper.application; includeInIndex = 0; path = Pettinelli.app; sourceTree = BUILT_PRODUCTS_DIR; };
		B84133C015ED35180086C917 /* UIKit.framework */ = {isa = PBXFileReference; lastKnownFileType = wrapper.framework; name = UIKit.framework; path = System/Library/Frameworks/UIKit.framework; sourceTree = SDKROOT; };
		B84133C215ED35180086C917 /* Foundation.framework */ = {isa = PBXFileReference; lastKnownFileType = wrapper.framework; name = Foundation.framework; path = System/Library/Frameworks/Foundation.framework; sourceTree = SDKROOT; };
		B84133C415ED35180086C917 /* CoreGraphics.framework */ = {isa = PBXFileReference; lastKnownFileType = wrapper.framework; name = CoreGraphics.framework; path = System/Library/Frameworks/CoreGraphics.framework; sourceTree = SDKROOT; };
		B84133C815ED35180086C917 /* Pettinelli-Info.plist */ = {isa = PBXFileReference; lastKnownFileType = text.plist.xml; path = "Pettinelli-Info.plist"; sourceTree = "<group>"; };
		B84133CA15ED35180086C917 /* en */ = {isa = PBXFileReference; lastKnownFileType = text.plist.strings; name = en; path = en.lproj/InfoPlist.strings; sourceTree = "<group>"; };
		B84133CC15ED35180086C917 /* main.m */ = {isa = PBXFileReference; lastKnownFileType = sourcecode.c.objc; path = main.m; sourceTree = "<group>"; };
		B84133CE15ED35180086C917 /* Pettinelli-Prefix.pch */ = {isa = PBXFileReference; lastKnownFileType = sourcecode.c.h; path = "Pettinelli-Prefix.pch"; sourceTree = "<group>"; };
		B84133CF15ED35180086C917 /* AppDelegate.h */ = {isa = PBXFileReference; lastKnownFileType = sourcecode.c.h; path = AppDelegate.h; sourceTree = "<group>"; };
		B84133D015ED35180086C917 /* AppDelegate.m */ = {isa = PBXFileReference; lastKnownFileType = sourcecode.c.objc; path = AppDelegate.m; sourceTree = "<group>"; };
		B84133E315ED36440086C917 /* Window.xib */ = {isa = PBXFileReference; fileEncoding = 4; lastKnownFileType = file.xib; path = Window.xib; sourceTree = "<group>"; };
		B84133EE15ED3CCD0086C917 /* BrowserViewController.h */ = {isa = PBXFileReference; fileEncoding = 4; lastKnownFileType = sourcecode.c.h; path = BrowserViewController.h; sourceTree = "<group>"; };
		B84133EF15ED3CCD0086C917 /* BrowserViewController.m */ = {isa = PBXFileReference; fileEncoding = 4; lastKnownFileType = sourcecode.c.objc; path = BrowserViewController.m; sourceTree = "<group>"; };
		B84133F015ED3CCD0086C917 /* BrowserViewController.xib */ = {isa = PBXFileReference; fileEncoding = 4; lastKnownFileType = file.xib; path = BrowserViewController.xib; sourceTree = "<group>"; };
		B841343A15EDA2210086C917 /* SDWebImage.xcodeproj */ = {isa = PBXFileReference; lastKnownFileType = "wrapper.pb-project"; name = SDWebImage.xcodeproj; path = ../../../SDWebImage/SDWebImage.xcodeproj; sourceTree = "<group>"; };
		B841344C15EDA2600086C917 /* ImageIO.framework */ = {isa = PBXFileReference; lastKnownFileType = wrapper.framework; name = ImageIO.framework; path = System/Library/Frameworks/ImageIO.framework; sourceTree = SDKROOT; };
		B841345215EDA7DF0086C917 /* Galleries.h */ = {isa = PBXFileReference; fileEncoding = 4; lastKnownFileType = sourcecode.c.h; path = Galleries.h; sourceTree = "<group>"; };
		B841345315EDA7DF0086C917 /* Galleries.m */ = {isa = PBXFileReference; fileEncoding = 4; lastKnownFileType = sourcecode.c.objc; path = Galleries.m; sourceTree = "<group>"; };
		B841345515EDA9830086C917 /* Galleries.xib */ = {isa = PBXFileReference; fileEncoding = 4; lastKnownFileType = file.xib; path = Galleries.xib; sourceTree = "<group>"; };
		B84953AD15EFA62E003B340A /* Post.h */ = {isa = PBXFileReference; fileEncoding = 4; lastKnownFileType = sourcecode.c.h; name = Post.h; path = controllers/Post.h; sourceTree = "<group>"; };
		B84953AE15EFA62E003B340A /* Post.m */ = {isa = PBXFileReference; fileEncoding = 4; lastKnownFileType = sourcecode.c.objc; name = Post.m; path = controllers/Post.m; sourceTree = "<group>"; };
		B84953AF15EFA62E003B340A /* Post.xib */ = {isa = PBXFileReference; fileEncoding = 4; lastKnownFileType = file.xib; name = Post.xib; path = controllers/Post.xib; sourceTree = "<group>"; };
		B84953B215F00FFA003B340A /* Detail.h */ = {isa = PBXFileReference; fileEncoding = 4; indentWidth = 4; lastKnownFileType = sourcecode.c.h; name = Detail.h; path = controllers/Detail.h; sourceTree = "<group>"; tabWidth = 4; usesTabs = 0; wrapsLines = 1; };
		B84953B315F00FFA003B340A /* Detail.m */ = {isa = PBXFileReference; fileEncoding = 4; indentWidth = 4; lastKnownFileType = sourcecode.c.objc; name = Detail.m; path = controllers/Detail.m; sourceTree = "<group>"; tabWidth = 4; usesTabs = 0; wrapsLines = 1; };
		B84953B515F0179B003B340A /* running.png */ = {isa = PBXFileReference; lastKnownFileType = image.png; name = running.png; path = images/tabbar/running.png; sourceTree = "<group>"; };
		B84953B715F017CE003B340A /* running@2x.png */ = {isa = PBXFileReference; lastKnownFileType = image.png; name = "running@2x.png"; path = "images/tabbar/running@2x.png"; sourceTree = "<group>"; };
		B84953B915F01A4F003B340A /* contact.png */ = {isa = PBXFileReference; lastKnownFileType = image.png; name = contact.png; path = images/tabbar/contact.png; sourceTree = "<group>"; };
		B84953BA15F01A4F003B340A /* contact@2x.png */ = {isa = PBXFileReference; lastKnownFileType = image.png; name = "contact@2x.png"; path = "images/tabbar/contact@2x.png"; sourceTree = "<group>"; };
		B84953BB15F01A4F003B340A /* home.png */ = {isa = PBXFileReference; lastKnownFileType = image.png; name = home.png; path = images/tabbar/home.png; sourceTree = "<group>"; };
		B84953BC15F01A4F003B340A /* home@2x.png */ = {isa = PBXFileReference; lastKnownFileType = image.png; name = "home@2x.png"; path = "images/tabbar/home@2x.png"; sourceTree = "<group>"; };
		B84953BD15F01A4F003B340A /* photo.png */ = {isa = PBXFileReference; lastKnownFileType = image.png; name = photo.png; path = images/tabbar/photo.png; sourceTree = "<group>"; };
		B84953BE15F01A4F003B340A /* photo@2x.png */ = {isa = PBXFileReference; lastKnownFileType = image.png; name = "photo@2x.png"; path = "images/tabbar/photo@2x.png"; sourceTree = "<group>"; };
		B84953C615F01B38003B340A /* play.png */ = {isa = PBXFileReference; lastKnownFileType = image.png; name = play.png; path = images/tabbar/play.png; sourceTree = "<group>"; };
		B84953C715F01B38003B340A /* play@2x.png */ = {isa = PBXFileReference; lastKnownFileType = image.png; name = "play@2x.png"; path = "images/tabbar/play@2x.png"; sourceTree = "<group>"; };
		B84953CA15F01CA5003B340A /* Gallery.h */ = {isa = PBXFileReference; fileEncoding = 4; lastKnownFileType = sourcecode.c.h; name = Gallery.h; path = controllers/Gallery.h; sourceTree = "<group>"; };
		B84953CB15F01CA5003B340A /* Gallery.m */ = {isa = PBXFileReference; fileEncoding = 4; lastKnownFileType = sourcecode.c.objc; name = Gallery.m; path = controllers/Gallery.m; sourceTree = "<group>"; };
		B84953CC15F01CA5003B340A /* Gallery.xib */ = {isa = PBXFileReference; fileEncoding = 4; lastKnownFileType = file.xib; name = Gallery.xib; path = controllers/Gallery.xib; sourceTree = "<group>"; };
		B84953D515F01D97003B340A /* Blog.h */ = {isa = PBXFileReference; fileEncoding = 4; lastKnownFileType = sourcecode.c.h; name = Blog.h; path = controllers/Blog.h; sourceTree = "<group>"; };
		B84953D615F01D97003B340A /* Blog.m */ = {isa = PBXFileReference; fileEncoding = 4; lastKnownFileType = sourcecode.c.objc; name = Blog.m; path = controllers/Blog.m; sourceTree = "<group>"; };
		B84953D715F01D97003B340A /* Blog.xib */ = {isa = PBXFileReference; fileEncoding = 4; lastKnownFileType = file.xib; name = Blog.xib; path = controllers/Blog.xib; sourceTree = "<group>"; };
		B84953DA15F01DD9003B340A /* School.h */ = {isa = PBXFileReference; fileEncoding = 4; lastKnownFileType = sourcecode.c.h; path = School.h; sourceTree = "<group>"; };
		B84953DB15F01DD9003B340A /* School.m */ = {isa = PBXFileReference; fileEncoding = 4; lastKnownFileType = sourcecode.c.objc; path = School.m; sourceTree = "<group>"; };
		B84953DC15F01DD9003B340A /* School.xib */ = {isa = PBXFileReference; fileEncoding = 4; lastKnownFileType = file.xib; path = School.xib; sourceTree = "<group>"; };
		B84953DF15F0203A003B340A /* Memory.h */ = {isa = PBXFileReference; fileEncoding = 4; lastKnownFileType = sourcecode.c.h; name = Memory.h; path = controllers/Memory.h; sourceTree = "<group>"; };
		B84953E015F0203A003B340A /* Memory.m */ = {isa = PBXFileReference; fileEncoding = 4; lastKnownFileType = sourcecode.c.objc; name = Memory.m; path = controllers/Memory.m; sourceTree = "<group>"; };
		B84953E115F0203A003B340A /* Memory.xib */ = {isa = PBXFileReference; fileEncoding = 4; lastKnownFileType = file.xib; name = Memory.xib; path = controllers/Memory.xib; sourceTree = "<group>"; };
		B84953EE15F0218B003B340A /* Card.h */ = {isa = PBXFileReference; fileEncoding = 4; lastKnownFileType = sourcecode.c.h; path = Card.h; sourceTree = "<group>"; };
		B84953EF15F0218B003B340A /* Card.m */ = {isa = PBXFileReference; fileEncoding = 4; lastKnownFileType = sourcecode.c.objc; path = Card.m; sourceTree = "<group>"; };
		B84953F315F02511003B340A /* Pettinelli.png */ = {isa = PBXFileReference; lastKnownFileType = image.png; name = Pettinelli.png; path = images/Pettinelli.png; sourceTree = "<group>"; };
		B84953F415F02511003B340A /* Pettinelli@2x.png */ = {isa = PBXFileReference; lastKnownFileType = image.png; name = "Pettinelli@2x.png"; path = "images/Pettinelli@2x.png"; sourceTree = "<group>"; };
		B8565B8515F4170E00A4BFE3 /* MyAnnotation.m */ = {isa = PBXFileReference; fileEncoding = 4; lastKnownFileType = sourcecode.c.objc; name = MyAnnotation.m; path = Classes/MyAnnotation.m; sourceTree = "<group>"; };
		B8565B8615F4170E00A4BFE3 /* MyAnnotation.h */ = {isa = PBXFileReference; fileEncoding = 4; lastKnownFileType = sourcecode.c.h; name = MyAnnotation.h; path = Classes/MyAnnotation.h; sourceTree = "<group>"; };
		B8565B8C15F4B76200A4BFE3 /* MessageUI.framework */ = {isa = PBXFileReference; lastKnownFileType = wrapper.framework; name = MessageUI.framework; path = System/Library/Frameworks/MessageUI.framework; sourceTree = SDKROOT; };
		B859D28815F74F4100C19F66 /* icon-144.png */ = {isa = PBXFileReference; lastKnownFileType = image.png; path = "icon-144.png"; sourceTree = "<group>"; };
		B859D28915F74F4100C19F66 /* icon-72.png */ = {isa = PBXFileReference; lastKnownFileType = image.png; path = "icon-72.png"; sourceTree = "<group>"; };
		B859D28A15F74F4100C19F66 /* Icon-Small-50.png */ = {isa = PBXFileReference; lastKnownFileType = image.png; path = "Icon-Small-50.png"; sourceTree = "<group>"; };
		B859D28B15F74F4100C19F66 /* Icon-Small.png */ = {isa = PBXFileReference; lastKnownFileType = image.png; path = "Icon-Small.png"; sourceTree = "<group>"; };
		B859D28C15F74F4100C19F66 /* Icon-Small@2x.png */ = {isa = PBXFileReference; lastKnownFileType = image.png; path = "Icon-Small@2x.png"; sourceTree = "<group>"; };
		B859D28D15F74F4100C19F66 /* icon.png */ = {isa = PBXFileReference; lastKnownFileType = image.png; path = icon.png; sourceTree = "<group>"; };
		B859D28E15F74F4100C19F66 /* icon@2x.png */ = {isa = PBXFileReference; lastKnownFileType = image.png; path = "icon@2x.png"; sourceTree = "<group>"; };
		B859D29715F74F5000C19F66 /* post iPad.txt */ = {isa = PBXFileReference; fileEncoding = 4; lastKnownFileType = text; path = "post iPad.txt"; sourceTree = "<group>"; };
		B859D29915F74F5000C19F66 /* post.txt */ = {isa = PBXFileReference; fileEncoding = 4; lastKnownFileType = text; path = post.txt; sourceTree = "<group>"; };
		B859D29D15F74F7000C19F66 /* refresh_icon.png */ = {isa = PBXFileReference; lastKnownFileType = image.png; name = refresh_icon.png; path = images/refresh_icon.png; sourceTree = "<group>"; };
		B859D29E15F74F7000C19F66 /* refresh_icon@2x.png */ = {isa = PBXFileReference; lastKnownFileType = image.png; name = "refresh_icon@2x.png"; path = "images/refresh_icon@2x.png"; sourceTree = "<group>"; };
		B859D29F15F74F7000C19F66 /* loading.gif */ = {isa = PBXFileReference; lastKnownFileType = image.gif; name = loading.gif; path = images/loading.gif; sourceTree = "<group>"; };
		B859D2A315F74F7900C19F66 /* Letter.png */ = {isa = PBXFileReference; lastKnownFileType = image.png; name = Letter.png; path = images/Letter.png; sourceTree = "<group>"; };
		B859D2A515F751C500C19F66 /* MBProgressHUD.m */ = {isa = PBXFileReference; fileEncoding = 4; lastKnownFileType = sourcecode.c.objc; name = MBProgressHUD.m; path = Pettinelli/frameworks/MBProgressHUD.m; sourceTree = "<group>"; };
		B859D2A615F751C500C19F66 /* MBProgressHUD.h */ = {isa = PBXFileReference; fileEncoding = 4; lastKnownFileType = sourcecode.c.h; name = MBProgressHUD.h; path = Pettinelli/frameworks/MBProgressHUD.h; sourceTree = "<group>"; };
		B859D2A915F753BC00C19F66 /* NSObject+SBJson.h */ = {isa = PBXFileReference; fileEncoding = 4; lastKnownFileType = sourcecode.c.h; path = "NSObject+SBJson.h"; sourceTree = "<group>"; };
		B859D2AA15F753BC00C19F66 /* NSObject+SBJson.m */ = {isa = PBXFileReference; fileEncoding = 4; lastKnownFileType = sourcecode.c.objc; path = "NSObject+SBJson.m"; sourceTree = "<group>"; };
		B859D2AB15F753BC00C19F66 /* SBJson.h */ = {isa = PBXFileReference; fileEncoding = 4; lastKnownFileType = sourcecode.c.h; path = SBJson.h; sourceTree = "<group>"; };
		B859D2AC15F753BC00C19F66 /* SBJsonParser.h */ = {isa = PBXFileReference; fileEncoding = 4; lastKnownFileType = sourcecode.c.h; path = SBJsonParser.h; sourceTree = "<group>"; };
		B859D2AD15F753BC00C19F66 /* SBJsonParser.m */ = {isa = PBXFileReference; fileEncoding = 4; lastKnownFileType = sourcecode.c.objc; path = SBJsonParser.m; sourceTree = "<group>"; };
		B859D2AE15F753BC00C19F66 /* SBJsonStreamParser.h */ = {isa = PBXFileReference; fileEncoding = 4; lastKnownFileType = sourcecode.c.h; path = SBJsonStreamParser.h; sourceTree = "<group>"; };
		B859D2AF15F753BC00C19F66 /* SBJsonStreamParser.m */ = {isa = PBXFileReference; fileEncoding = 4; lastKnownFileType = sourcecode.c.objc; path = SBJsonStreamParser.m; sourceTree = "<group>"; };
		B859D2B015F753BC00C19F66 /* SBJsonStreamParserAccumulator.h */ = {isa = PBXFileReference; fileEncoding = 4; lastKnownFileType = sourcecode.c.h; path = SBJsonStreamParserAccumulator.h; sourceTree = "<group>"; };
		B859D2B115F753BC00C19F66 /* SBJsonStreamParserAccumulator.m */ = {isa = PBXFileReference; fileEncoding = 4; lastKnownFileType = sourcecode.c.objc; path = SBJsonStreamParserAccumulator.m; sourceTree = "<group>"; };
		B859D2B215F753BC00C19F66 /* SBJsonStreamParserAdapter.h */ = {isa = PBXFileReference; fileEncoding = 4; lastKnownFileType = sourcecode.c.h; path = SBJsonStreamParserAdapter.h; sourceTree = "<group>"; };
		B859D2B315F753BC00C19F66 /* SBJsonStreamParserAdapter.m */ = {isa = PBXFileReference; fileEncoding = 4; lastKnownFileType = sourcecode.c.objc; path = SBJsonStreamParserAdapter.m; sourceTree = "<group>"; };
		B859D2B415F753BC00C19F66 /* SBJsonStreamParserState.h */ = {isa = PBXFileReference; fileEncoding = 4; lastKnownFileType = sourcecode.c.h; path = SBJsonStreamParserState.h; sourceTree = "<group>"; };
		B859D2B515F753BC00C19F66 /* SBJsonStreamParserState.m */ = {isa = PBXFileReference; fileEncoding = 4; lastKnownFileType = sourcecode.c.objc; path = SBJsonStreamParserState.m; sourceTree = "<group>"; };
		B859D2B615F753BC00C19F66 /* SBJsonStreamWriter.h */ = {isa = PBXFileReference; fileEncoding = 4; lastKnownFileType = sourcecode.c.h; path = SBJsonStreamWriter.h; sourceTree = "<group>"; };
		B859D2B715F753BC00C19F66 /* SBJsonStreamWriter.m */ = {isa = PBXFileReference; fileEncoding = 4; lastKnownFileType = sourcecode.c.objc; path = SBJsonStreamWriter.m; sourceTree = "<group>"; };
		B859D2B815F753BC00C19F66 /* SBJsonStreamWriterAccumulator.h */ = {isa = PBXFileReference; fileEncoding = 4; lastKnownFileType = sourcecode.c.h; path = SBJsonStreamWriterAccumulator.h; sourceTree = "<group>"; };
		B859D2B915F753BC00C19F66 /* SBJsonStreamWriterAccumulator.m */ = {isa = PBXFileReference; fileEncoding = 4; lastKnownFileType = sourcecode.c.objc; path = SBJsonStreamWriterAccumulator.m; sourceTree = "<group>"; };
		B859D2BA15F753BC00C19F66 /* SBJsonStreamWriterState.h */ = {isa = PBXFileReference; fileEncoding = 4; lastKnownFileType = sourcecode.c.h; path = SBJsonStreamWriterState.h; sourceTree = "<group>"; };
		B859D2BB15F753BC00C19F66 /* SBJsonStreamWriterState.m */ = {isa = PBXFileReference; fileEncoding = 4; lastKnownFileType = sourcecode.c.objc; path = SBJsonStreamWriterState.m; sourceTree = "<group>"; };
		B859D2BC15F753BC00C19F66 /* SBJsonTokeniser.h */ = {isa = PBXFileReference; fileEncoding = 4; lastKnownFileType = sourcecode.c.h; path = SBJsonTokeniser.h; sourceTree = "<group>"; };
		B859D2BD15F753BC00C19F66 /* SBJsonTokeniser.m */ = {isa = PBXFileReference; fileEncoding = 4; lastKnownFileType = sourcecode.c.objc; path = SBJsonTokeniser.m; sourceTree = "<group>"; };
		B859D2BE15F753BC00C19F66 /* SBJsonUTF8Stream.h */ = {isa = PBXFileReference; fileEncoding = 4; lastKnownFileType = sourcecode.c.h; path = SBJsonUTF8Stream.h; sourceTree = "<group>"; };
		B859D2BF15F753BC00C19F66 /* SBJsonUTF8Stream.m */ = {isa = PBXFileReference; fileEncoding = 4; lastKnownFileType = sourcecode.c.objc; path = SBJsonUTF8Stream.m; sourceTree = "<group>"; };
		B859D2C015F753BC00C19F66 /* SBJsonWriter.h */ = {isa = PBXFileReference; fileEncoding = 4; lastKnownFileType = sourcecode.c.h; path = SBJsonWriter.h; sourceTree = "<group>"; };
		B859D2C115F753BC00C19F66 /* SBJsonWriter.m */ = {isa = PBXFileReference; fileEncoding = 4; lastKnownFileType = sourcecode.c.objc; path = SBJsonWriter.m; sourceTree = "<group>"; };
		B859D2CE15F753D900C19F66 /* flip.mp3 */ = {isa = PBXFileReference; lastKnownFileType = audio.mp3; name = flip.mp3; path = audio/flip.mp3; sourceTree = "<group>"; };
		B859D2CF15F753D900C19F66 /* found.mp3 */ = {isa = PBXFileReference; lastKnownFileType = audio.mp3; name = found.mp3; path = audio/found.mp3; sourceTree = "<group>"; };
		B8960A0715F110A20032D653 /* Abramo.h */ = {isa = PBXFileReference; fileEncoding = 4; lastKnownFileType = sourcecode.c.h; path = Abramo.h; sourceTree = "<group>"; };
		B8960A0815F110A20032D653 /* Abramo.m */ = {isa = PBXFileReference; fileEncoding = 4; lastKnownFileType = sourcecode.c.objc; path = Abramo.m; sourceTree = "<group>"; };
		B8960A0A15F17A4F0032D653 /* AudioToolbox.framework */ = {isa = PBXFileReference; lastKnownFileType = wrapper.framework; name = AudioToolbox.framework; path = System/Library/Frameworks/AudioToolbox.framework; sourceTree = SDKROOT; };
		B8960A0B15F17A4F0032D653 /* CoreAudio.framework */ = {isa = PBXFileReference; lastKnownFileType = wrapper.framework; name = CoreAudio.framework; path = System/Library/Frameworks/CoreAudio.framework; sourceTree = SDKROOT; };
		B8960A1115F17C170032D653 /* AVFoundation.framework */ = {isa = PBXFileReference; lastKnownFileType = wrapper.framework; name = AVFoundation.framework; path = System/Library/Frameworks/AVFoundation.framework; sourceTree = SDKROOT; };
		B8BD00B615F2DDC800F2E995 /* loading-1 (trascinato).tiff */ = {isa = PBXFileReference; lastKnownFileType = image.tiff; path = "loading-1 (trascinato).tiff"; sourceTree = "<group>"; };
		B8BD00B715F2DDC800F2E995 /* loading-10 (trascinato).tiff */ = {isa = PBXFileReference; lastKnownFileType = image.tiff; path = "loading-10 (trascinato).tiff"; sourceTree = "<group>"; };
		B8BD00B815F2DDC800F2E995 /* loading-11 (trascinato).tiff */ = {isa = PBXFileReference; lastKnownFileType = image.tiff; path = "loading-11 (trascinato).tiff"; sourceTree = "<group>"; };
		B8BD00C115F2DDC800F2E995 /* loading-2 (trascinato).tiff */ = {isa = PBXFileReference; lastKnownFileType = image.tiff; path = "loading-2 (trascinato).tiff"; sourceTree = "<group>"; };
		B8BD00C315F2DDC800F2E995 /* loading-3 (trascinato).tiff */ = {isa = PBXFileReference; lastKnownFileType = image.tiff; path = "loading-3 (trascinato).tiff"; sourceTree = "<group>"; };
		B8BD00C415F2DDC800F2E995 /* loading-4 (trascinato).tiff */ = {isa = PBXFileReference; lastKnownFileType = image.tiff; path = "loading-4 (trascinato).tiff"; sourceTree = "<group>"; };
		B8BD00C515F2DDC800F2E995 /* loading-5 (trascinato).tiff */ = {isa = PBXFileReference; lastKnownFileType = image.tiff; path = "loading-5 (trascinato).tiff"; sourceTree = "<group>"; };
		B8BD00C615F2DDC800F2E995 /* loading-6 (trascinato).tiff */ = {isa = PBXFileReference; lastKnownFileType = image.tiff; path = "loading-6 (trascinato).tiff"; sourceTree = "<group>"; };
		B8BD00C715F2DDC800F2E995 /* loading-7 (trascinato).tiff */ = {isa = PBXFileReference; lastKnownFileType = image.tiff; path = "loading-7 (trascinato).tiff"; sourceTree = "<group>"; };
		B8BD00C815F2DDC800F2E995 /* loading-8 (trascinato).tiff */ = {isa = PBXFileReference; lastKnownFileType = image.tiff; path = "loading-8 (trascinato).tiff"; sourceTree = "<group>"; };
		B8BD00C915F2DDC800F2E995 /* loading-9 (trascinato).tiff */ = {isa = PBXFileReference; lastKnownFileType = image.tiff; path = "loading-9 (trascinato).tiff"; sourceTree = "<group>"; };
		B8D09DC315F54F6A0055D321 /* Cell.h */ = {isa = PBXFileReference; fileEncoding = 4; lastKnownFileType = sourcecode.c.h; name = Cell.h; path = Cells/Cell.h; sourceTree = "<group>"; };
		B8D09DC415F54F6A0055D321 /* Cell.m */ = {isa = PBXFileReference; fileEncoding = 4; lastKnownFileType = sourcecode.c.objc; name = Cell.m; path = Cells/Cell.m; sourceTree = "<group>"; };
		B8D09DC615F54F850055D321 /* Cell.xib */ = {isa = PBXFileReference; fileEncoding = 4; lastKnownFileType = file.xib; name = Cell.xib; path = Cells/Cell.xib; sourceTree = "<group>"; };
		B8D09DD215F556580055D321 /* Cell_iPad.m */ = {isa = PBXFileReference; lastKnownFileType = sourcecode.c.objc; name = Cell_iPad.m; path = Cells/Cell_iPad.m; sourceTree = "<group>"; };
		B8D09DD315F556580055D321 /* Cell_iPad.xib */ = {isa = PBXFileReference; lastKnownFileType = file.xib; name = Cell_iPad.xib; path = Cells/Cell_iPad.xib; sourceTree = "<group>"; };
		B8D09DD415F556580055D321 /* Cell_iPad.h */ = {isa = PBXFileReference; lastKnownFileType = sourcecode.c.h; name = Cell_iPad.h; path = Cells/Cell_iPad.h; sourceTree = "<group>"; };
/* End PBXFileReference section */

/* Begin PBXFrameworksBuildPhase section */
		B84133B915ED35180086C917 /* Frameworks */ = {
			isa = PBXFrameworksBuildPhase;
			buildActionMask = 2147483647;
			files = (
				B8565B8D15F4B76200A4BFE3 /* MessageUI.framework in Frameworks */,
				B80A437815F413D60006205F /* MapKit.framework in Frameworks */,
				B8960A1215F17C170032D653 /* AVFoundation.framework in Frameworks */,
				B8960A0C15F17A4F0032D653 /* AudioToolbox.framework in Frameworks */,
				B8960A0D15F17A4F0032D653 /* CoreAudio.framework in Frameworks */,
				B841344D15EDA2600086C917 /* ImageIO.framework in Frameworks */,
				B841344B15EDA2520086C917 /* libSDWebImageARC.a in Frameworks */,
				B84133C115ED35180086C917 /* UIKit.framework in Frameworks */,
				B84133C315ED35180086C917 /* Foundation.framework in Frameworks */,
				B84133C515ED35180086C917 /* CoreGraphics.framework in Frameworks */,
			);
			runOnlyForDeploymentPostprocessing = 0;
		};
/* End PBXFrameworksBuildPhase section */

/* Begin PBXGroup section */
		B84133B115ED35180086C917 = {
			isa = PBXGroup;
			children = (
				B84133C615ED35180086C917 /* Pettinelli */,
				B84133BF15ED35180086C917 /* Frameworks */,
				B84133BD15ED35180086C917 /* Products */,
			);
			sourceTree = "<group>";
		};
		B84133BD15ED35180086C917 /* Products */ = {
			isa = PBXGroup;
			children = (
				B84133BC15ED35180086C917 /* Pettinelli.app */,
			);
			name = Products;
			sourceTree = "<group>";
		};
		B84133BF15ED35180086C917 /* Frameworks */ = {
			isa = PBXGroup;
			children = (
				B859D2A815F753BC00C19F66 /* json */,
				B859D2A515F751C500C19F66 /* MBProgressHUD.m */,
				B859D2A615F751C500C19F66 /* MBProgressHUD.h */,
				B8565B8C15F4B76200A4BFE3 /* MessageUI.framework */,
				B80A437715F413D60006205F /* MapKit.framework */,
				B8960A1115F17C170032D653 /* AVFoundation.framework */,
				B8960A0A15F17A4F0032D653 /* AudioToolbox.framework */,
				B8960A0B15F17A4F0032D653 /* CoreAudio.framework */,
				B841343A15EDA2210086C917 /* SDWebImage.xcodeproj */,
				B841344C15EDA2600086C917 /* ImageIO.framework */,
				B84133C015ED35180086C917 /* UIKit.framework */,
				B84133C215ED35180086C917 /* Foundation.framework */,
				B84133C415ED35180086C917 /* CoreGraphics.framework */,
			);
			name = Frameworks;
			sourceTree = "<group>";
		};
		B84133C615ED35180086C917 /* Pettinelli */ = {
			isa = PBXGroup;
			children = (
				B859D29615F74F5000C19F66 /* TXTs */,
				B8D09DC215F54F220055D321 /* Cells */,
				B8960A0E15F17BEA0032D653 /* Audio */,
				B84133CF15ED35180086C917 /* AppDelegate.h */,
				B84133D015ED35180086C917 /* AppDelegate.m */,
				B84133E315ED36440086C917 /* Window.xib */,
				B84953CF15F01CB4003B340A /* Classes */,
				B84133E515ED3AE40086C917 /* Controllers */,
				B841343815EDA0D90086C917 /* images */,
				B84133C715ED35180086C917 /* Supporting Files */,
			);
			path = Pettinelli;
			sourceTree = "<group>";
		};
		B84133C715ED35180086C917 /* Supporting Files */ = {
			isa = PBXGroup;
			children = (
				B84133C815ED35180086C917 /* Pettinelli-Info.plist */,
				B84133C915ED35180086C917 /* InfoPlist.strings */,
				B84133CC15ED35180086C917 /* main.m */,
				B84133CE15ED35180086C917 /* Pettinelli-Prefix.pch */,
			);
			name = "Supporting Files";
			sourceTree = "<group>";
		};
		B84133E515ED3AE40086C917 /* Controllers */ = {
			isa = PBXGroup;
			children = (
				B84953AD15EFA62E003B340A /* Post.h */,
				B84953AE15EFA62E003B340A /* Post.m */,
				B84953AF15EFA62E003B340A /* Post.xib */,
				B841345215EDA7DF0086C917 /* Galleries.h */,
				B841345315EDA7DF0086C917 /* Galleries.m */,
				B841345515EDA9830086C917 /* Galleries.xib */,
				B84953CA15F01CA5003B340A /* Gallery.h */,
				B84953CB15F01CA5003B340A /* Gallery.m */,
				B84953CC15F01CA5003B340A /* Gallery.xib */,
				B84953D515F01D97003B340A /* Blog.h */,
				B84953D615F01D97003B340A /* Blog.m */,
				B84953D715F01D97003B340A /* Blog.xib */,
				B84953DA15F01DD9003B340A /* School.h */,
				B84953DB15F01DD9003B340A /* School.m */,
				B84953DC15F01DD9003B340A /* School.xib */,
				B84953DF15F0203A003B340A /* Memory.h */,
				B84953E015F0203A003B340A /* Memory.m */,
				B84953E115F0203A003B340A /* Memory.xib */,
				B84953EE15F0218B003B340A /* Card.h */,
				B84953EF15F0218B003B340A /* Card.m */,
				B80A437215F412380006205F /* Contacts.h */,
				B80A437315F412390006205F /* Contacts.m */,
				B80A437415F4123C0006205F /* Contacts.xib */,
			);
			name = Controllers;
			sourceTree = "<group>";
		};
		B841343815EDA0D90086C917 /* images */ = {
			isa = PBXGroup;
			children = (
				B859D28715F74F4100C19F66 /* Icon */,
				B8BD00B515F2DDC800F2E995 /* loading gif */,
				B84953F315F02511003B340A /* Pettinelli.png */,
				B84953F415F02511003B340A /* Pettinelli@2x.png */,
				B84953C515F01A54003B340A /* tabs */,
				B859D29D15F74F7000C19F66 /* refresh_icon.png */,
				B859D2A315F74F7900C19F66 /* Letter.png */,
				B859D29E15F74F7000C19F66 /* refresh_icon@2x.png */,
				B859D29F15F74F7000C19F66 /* loading.gif */,
			);
			name = images;
			sourceTree = "<group>";
		};
		B841343B15EDA2210086C917 /* Products */ = {
			isa = PBXGroup;
			children = (
				B841344415EDA2220086C917 /* libSDWebImage.a */,
				B841344615EDA2220086C917 /* libSDWebImageARC.a */,
				B841344815EDA2220086C917 /* libSDWebImageARC+MKAnnotation.a */,
			);
			name = Products;
			sourceTree = "<group>";
		};
		B84953C515F01A54003B340A /* tabs */ = {
			isa = PBXGroup;
			children = (
				B84953C615F01B38003B340A /* play.png */,
				B84953C715F01B38003B340A /* play@2x.png */,
				B84953B915F01A4F003B340A /* contact.png */,
				B84953BA15F01A4F003B340A /* contact@2x.png */,
				B84953BB15F01A4F003B340A /* home.png */,
				B84953BC15F01A4F003B340A /* home@2x.png */,
				B84953BD15F01A4F003B340A /* photo.png */,
				B84953BE15F01A4F003B340A /* photo@2x.png */,
				B84953B515F0179B003B340A /* running.png */,
				B84953B715F017CE003B340A /* running@2x.png */,
			);
			name = tabs;
			sourceTree = "<group>";
		};
		B84953CF15F01CB4003B340A /* Classes */ = {
			isa = PBXGroup;
			children = (
				B8565B8515F4170E00A4BFE3 /* MyAnnotation.m */,
				B8565B8615F4170E00A4BFE3 /* MyAnnotation.h */,
				B84133EE15ED3CCD0086C917 /* BrowserViewController.h */,
				B84133EF15ED3CCD0086C917 /* BrowserViewController.m */,
				B84133F015ED3CCD0086C917 /* BrowserViewController.xib */,
				B84953B215F00FFA003B340A /* Detail.h */,
				B84953B315F00FFA003B340A /* Detail.m */,
				B8960A0715F110A20032D653 /* Abramo.h */,
				B8960A0815F110A20032D653 /* Abramo.m */,
			);
			name = Classes;
			sourceTree = "<group>";
		};
		B859D28715F74F4100C19F66 /* Icon */ = {
			isa = PBXGroup;
			children = (
				B859D28815F74F4100C19F66 /* icon-144.png */,
				B859D28915F74F4100C19F66 /* icon-72.png */,
				B859D28A15F74F4100C19F66 /* Icon-Small-50.png */,
				B859D28B15F74F4100C19F66 /* Icon-Small.png */,
				B859D28C15F74F4100C19F66 /* Icon-Small@2x.png */,
				B859D28D15F74F4100C19F66 /* icon.png */,
				B859D28E15F74F4100C19F66 /* icon@2x.png */,
			);
			name = Icon;
			path = images/Icon;
			sourceTree = "<group>";
		};
		B859D29615F74F5000C19F66 /* TXTs */ = {
			isa = PBXGroup;
			children = (
				B859D29715F74F5000C19F66 /* post iPad.txt */,
				B859D29915F74F5000C19F66 /* post.txt */,
			);
			path = TXTs;
			sourceTree = "<group>";
		};
		B859D2A815F753BC00C19F66 /* json */ = {
			isa = PBXGroup;
			children = (
				B859D2A915F753BC00C19F66 /* NSObject+SBJson.h */,
				B859D2AA15F753BC00C19F66 /* NSObject+SBJson.m */,
				B859D2AB15F753BC00C19F66 /* SBJson.h */,
				B859D2AC15F753BC00C19F66 /* SBJsonParser.h */,
				B859D2AD15F753BC00C19F66 /* SBJsonParser.m */,
				B859D2AE15F753BC00C19F66 /* SBJsonStreamParser.h */,
				B859D2AF15F753BC00C19F66 /* SBJsonStreamParser.m */,
				B859D2B015F753BC00C19F66 /* SBJsonStreamParserAccumulator.h */,
				B859D2B115F753BC00C19F66 /* SBJsonStreamParserAccumulator.m */,
				B859D2B215F753BC00C19F66 /* SBJsonStreamParserAdapter.h */,
				B859D2B315F753BC00C19F66 /* SBJsonStreamParserAdapter.m */,
				B859D2B415F753BC00C19F66 /* SBJsonStreamParserState.h */,
				B859D2B515F753BC00C19F66 /* SBJsonStreamParserState.m */,
				B859D2B615F753BC00C19F66 /* SBJsonStreamWriter.h */,
				B859D2B715F753BC00C19F66 /* SBJsonStreamWriter.m */,
				B859D2B815F753BC00C19F66 /* SBJsonStreamWriterAccumulator.h */,
				B859D2B915F753BC00C19F66 /* SBJsonStreamWriterAccumulator.m */,
				B859D2BA15F753BC00C19F66 /* SBJsonStreamWriterState.h */,
				B859D2BB15F753BC00C19F66 /* SBJsonStreamWriterState.m */,
				B859D2BC15F753BC00C19F66 /* SBJsonTokeniser.h */,
				B859D2BD15F753BC00C19F66 /* SBJsonTokeniser.m */,
				B859D2BE15F753BC00C19F66 /* SBJsonUTF8Stream.h */,
				B859D2BF15F753BC00C19F66 /* SBJsonUTF8Stream.m */,
				B859D2C015F753BC00C19F66 /* SBJsonWriter.h */,
				B859D2C115F753BC00C19F66 /* SBJsonWriter.m */,
			);
			name = json;
			path = Pettinelli/frameworks/json;
			sourceTree = "<group>";
		};
		B8960A0E15F17BEA0032D653 /* Audio */ = {
			isa = PBXGroup;
			children = (
				B859D2CE15F753D900C19F66 /* flip.mp3 */,
				B859D2CF15F753D900C19F66 /* found.mp3 */,
			);
			name = Audio;
			sourceTree = "<group>";
		};
		B8BD00B515F2DDC800F2E995 /* loading gif */ = {
			isa = PBXGroup;
			children = (
				B8BD00B615F2DDC800F2E995 /* loading-1 (trascinato).tiff */,
				B8BD00B715F2DDC800F2E995 /* loading-10 (trascinato).tiff */,
				B8BD00B815F2DDC800F2E995 /* loading-11 (trascinato).tiff */,
				B8BD00C115F2DDC800F2E995 /* loading-2 (trascinato).tiff */,
				B8BD00C315F2DDC800F2E995 /* loading-3 (trascinato).tiff */,
				B8BD00C415F2DDC800F2E995 /* loading-4 (trascinato).tiff */,
				B8BD00C515F2DDC800F2E995 /* loading-5 (trascinato).tiff */,
				B8BD00C615F2DDC800F2E995 /* loading-6 (trascinato).tiff */,
				B8BD00C715F2DDC800F2E995 /* loading-7 (trascinato).tiff */,
				B8BD00C815F2DDC800F2E995 /* loading-8 (trascinato).tiff */,
				B8BD00C915F2DDC800F2E995 /* loading-9 (trascinato).tiff */,
			);
			name = "loading gif";
			path = "images/loading gif";
			sourceTree = "<group>";
		};
		B8D09DC215F54F220055D321 /* Cells */ = {
			isa = PBXGroup;
			children = (
				B8D09DC315F54F6A0055D321 /* Cell.h */,
				B8D09DC415F54F6A0055D321 /* Cell.m */,
				B8D09DC615F54F850055D321 /* Cell.xib */,
				B8D09DD415F556580055D321 /* Cell_iPad.h */,
				B8D09DD215F556580055D321 /* Cell_iPad.m */,
				B8D09DD315F556580055D321 /* Cell_iPad.xib */,
			);
			name = Cells;
			sourceTree = "<group>";
		};
/* End PBXGroup section */

/* Begin PBXNativeTarget section */
		B84133BB15ED35180086C917 /* Pettinelli */ = {
			isa = PBXNativeTarget;
			buildConfigurationList = B84133D415ED35180086C917 /* Build configuration list for PBXNativeTarget "Pettinelli" */;
			buildPhases = (
				B84133B815ED35180086C917 /* Sources */,
				B84133B915ED35180086C917 /* Frameworks */,
				B84133BA15ED35180086C917 /* Resources */,
			);
			buildRules = (
			);
			dependencies = (
				B841344A15EDA2390086C917 /* PBXTargetDependency */,
			);
			name = Pettinelli;
			productName = Pettinelli;
			productReference = B84133BC15ED35180086C917 /* Pettinelli.app */;
			productType = "com.apple.product-type.application";
		};
/* End PBXNativeTarget section */

/* Begin PBXProject section */
		B84133B315ED35180086C917 /* Project object */ = {
			isa = PBXProject;
			attributes = {
				LastUpgradeCheck = 0430;
				ORGANIZATIONNAME = "fractalsoft srl";
			};
			buildConfigurationList = B84133B615ED35180086C917 /* Build configuration list for PBXProject "Pettinelli" */;
			compatibilityVersion = "Xcode 3.2";
			developmentRegion = English;
			hasScannedForEncodings = 0;
			knownRegions = (
				en,
			);
			mainGroup = B84133B115ED35180086C917;
			productRefGroup = B84133BD15ED35180086C917 /* Products */;
			projectDirPath = "";
			projectReferences = (
				{
					ProductGroup = B841343B15EDA2210086C917 /* Products */;
					ProjectRef = B841343A15EDA2210086C917 /* SDWebImage.xcodeproj */;
				},
			);
			projectRoot = "";
			targets = (
				B84133BB15ED35180086C917 /* Pettinelli */,
			);
		};
/* End PBXProject section */

/* Begin PBXReferenceProxy section */
		B841344415EDA2220086C917 /* libSDWebImage.a */ = {
			isa = PBXReferenceProxy;
			fileType = archive.ar;
			path = libSDWebImage.a;
			remoteRef = B841344315EDA2220086C917 /* PBXContainerItemProxy */;
			sourceTree = BUILT_PRODUCTS_DIR;
		};
		B841344615EDA2220086C917 /* libSDWebImageARC.a */ = {
			isa = PBXReferenceProxy;
			fileType = archive.ar;
			path = libSDWebImageARC.a;
			remoteRef = B841344515EDA2220086C917 /* PBXContainerItemProxy */;
			sourceTree = BUILT_PRODUCTS_DIR;
		};
		B841344815EDA2220086C917 /* libSDWebImageARC+MKAnnotation.a */ = {
			isa = PBXReferenceProxy;
			fileType = archive.ar;
			path = "libSDWebImageARC+MKAnnotation.a";
			remoteRef = B841344715EDA2220086C917 /* PBXContainerItemProxy */;
			sourceTree = BUILT_PRODUCTS_DIR;
		};
/* End PBXReferenceProxy section */

/* Begin PBXResourcesBuildPhase section */
		B84133BA15ED35180086C917 /* Resources */ = {
			isa = PBXResourcesBuildPhase;
			buildActionMask = 2147483647;
			files = (
				B84133CB15ED35180086C917 /* InfoPlist.strings in Resources */,
				B84133E415ED36440086C917 /* Window.xib in Resources */,
				B84133F215ED3CCD0086C917 /* BrowserViewController.xib in Resources */,
				B841345615EDA9830086C917 /* Galleries.xib in Resources */,
				B84953B115EFA62E003B340A /* Post.xib in Resources */,
				B84953B615F0179B003B340A /* running.png in Resources */,
				B84953B815F017CE003B340A /* running@2x.png in Resources */,
				B84953BF15F01A4F003B340A /* contact.png in Resources */,
				B84953C015F01A4F003B340A /* contact@2x.png in Resources */,
				B84953C115F01A4F003B340A /* home.png in Resources */,
				B84953C215F01A4F003B340A /* home@2x.png in Resources */,
				B84953C315F01A4F003B340A /* photo.png in Resources */,
				B84953C415F01A4F003B340A /* photo@2x.png in Resources */,
				B84953C815F01B38003B340A /* play.png in Resources */,
				B84953C915F01B38003B340A /* play@2x.png in Resources */,
				B84953CE15F01CA6003B340A /* Gallery.xib in Resources */,
				B84953D915F01D97003B340A /* Blog.xib in Resources */,
				B84953DE15F01DD9003B340A /* School.xib in Resources */,
				B84953E315F0203A003B340A /* Memory.xib in Resources */,
				B84953F515F02511003B340A /* Pettinelli.png in Resources */,
				B84953F615F02511003B340A /* Pettinelli@2x.png in Resources */,
				B8BD00CA15F2DDC800F2E995 /* loading-1 (trascinato).tiff in Resources */,
				B8BD00CB15F2DDC800F2E995 /* loading-10 (trascinato).tiff in Resources */,
				B8BD00CC15F2DDC800F2E995 /* loading-11 (trascinato).tiff in Resources */,
				B8BD00D515F2DDC800F2E995 /* loading-2 (trascinato).tiff in Resources */,
				B8BD00D715F2DDC800F2E995 /* loading-3 (trascinato).tiff in Resources */,
				B8BD00D815F2DDC800F2E995 /* loading-4 (trascinato).tiff in Resources */,
				B8BD00D915F2DDC800F2E995 /* loading-5 (trascinato).tiff in Resources */,
				B8BD00DA15F2DDC800F2E995 /* loading-6 (trascinato).tiff in Resources */,
				B8BD00DB15F2DDC800F2E995 /* loading-7 (trascinato).tiff in Resources */,
				B8BD00DC15F2DDC800F2E995 /* loading-8 (trascinato).tiff in Resources */,
				B8BD00DD15F2DDC800F2E995 /* loading-9 (trascinato).tiff in Resources */,
				B80A437615F412400006205F /* Contacts.xib in Resources */,
				B8D09DC715F54F850055D321 /* Cell.xib in Resources */,
				B8D09DD615F556680055D321 /* Cell_iPad.xib in Resources */,
				B859D28F15F74F4100C19F66 /* icon-144.png in Resources */,
				B859D29015F74F4100C19F66 /* icon-72.png in Resources */,
				B859D29115F74F4100C19F66 /* Icon-Small-50.png in Resources */,
				B859D29215F74F4100C19F66 /* Icon-Small.png in Resources */,
				B859D29315F74F4100C19F66 /* Icon-Small@2x.png in Resources */,
				B859D29415F74F4100C19F66 /* icon.png in Resources */,
				B859D29515F74F4100C19F66 /* icon@2x.png in Resources */,
				B859D29A15F74F5000C19F66 /* post iPad.txt in Resources */,
				B859D29C15F74F5000C19F66 /* post.txt in Resources */,
				B859D2A015F74F7000C19F66 /* refresh_icon.png in Resources */,
				B859D2A115F74F7000C19F66 /* refresh_icon@2x.png in Resources */,
				B859D2A215F74F7000C19F66 /* loading.gif in Resources */,
				B859D2A415F74F7900C19F66 /* Letter.png in Resources */,
				B859D2D015F753D900C19F66 /* flip.mp3 in Resources */,
				B859D2D115F753D900C19F66 /* found.mp3 in Resources */,
			);
			runOnlyForDeploymentPostprocessing = 0;
		};
/* End PBXResourcesBuildPhase section */

/* Begin PBXSourcesBuildPhase section */
		B84133B815ED35180086C917 /* Sources */ = {
			isa = PBXSourcesBuildPhase;
			buildActionMask = 2147483647;
			files = (
				B84133CD15ED35180086C917 /* main.m in Sources */,
				B84133D115ED35180086C917 /* AppDelegate.m in Sources */,
				B84133F115ED3CCD0086C917 /* BrowserViewController.m in Sources */,
				B841345415EDA7DF0086C917 /* Galleries.m in Sources */,
				B84953B015EFA62E003B340A /* Post.m in Sources */,
				B84953B415F00FFB003B340A /* Detail.m in Sources */,
				B84953CD15F01CA6003B340A /* Gallery.m in Sources */,
				B84953D815F01D97003B340A /* Blog.m in Sources */,
				B84953DD15F01DD9003B340A /* School.m in Sources */,
				B84953E215F0203A003B340A /* Memory.m in Sources */,
				B84953F015F0218B003B340A /* Card.m in Sources */,
				B8960A0915F110A20032D653 /* Abramo.m in Sources */,
				B80A437515F412400006205F /* Contacts.m in Sources */,
				B8565B8715F4170E00A4BFE3 /* MyAnnotation.m in Sources */,
				B8D09DC515F54F6A0055D321 /* Cell.m in Sources */,
				B8D09DD515F556650055D321 /* Cell_iPad.m in Sources */,
				B859D2A715F751C500C19F66 /* MBProgressHUD.m in Sources */,
				B859D2C215F753BC00C19F66 /* NSObject+SBJson.m in Sources */,
				B859D2C315F753BC00C19F66 /* SBJsonParser.m in Sources */,
				B859D2C415F753BC00C19F66 /* SBJsonStreamParser.m in Sources */,
				B859D2C515F753BC00C19F66 /* SBJsonStreamParserAccumulator.m in Sources */,
				B859D2C615F753BC00C19F66 /* SBJsonStreamParserAdapter.m in Sources */,
				B859D2C715F753BC00C19F66 /* SBJsonStreamParserState.m in Sources */,
				B859D2C815F753BC00C19F66 /* SBJsonStreamWriter.m in Sources */,
				B859D2C915F753BC00C19F66 /* SBJsonStreamWriterAccumulator.m in Sources */,
				B859D2CA15F753BC00C19F66 /* SBJsonStreamWriterState.m in Sources */,
				B859D2CB15F753BC00C19F66 /* SBJsonTokeniser.m in Sources */,
				B859D2CC15F753BC00C19F66 /* SBJsonUTF8Stream.m in Sources */,
				B859D2CD15F753BC00C19F66 /* SBJsonWriter.m in Sources */,
			);
			runOnlyForDeploymentPostprocessing = 0;
		};
/* End PBXSourcesBuildPhase section */

/* Begin PBXTargetDependency section */
		B841344A15EDA2390086C917 /* PBXTargetDependency */ = {
			isa = PBXTargetDependency;
			name = "SDWebImage ARC";
			targetProxy = B841344915EDA2390086C917 /* PBXContainerItemProxy */;
		};
/* End PBXTargetDependency section */

/* Begin PBXVariantGroup section */
		B84133C915ED35180086C917 /* InfoPlist.strings */ = {
			isa = PBXVariantGroup;
			children = (
				B84133CA15ED35180086C917 /* en */,
			);
			name = InfoPlist.strings;
			sourceTree = "<group>";
		};
/* End PBXVariantGroup section */

/* Begin XCBuildConfiguration section */
		B84133D215ED35180086C917 /* Debug */ = {
			isa = XCBuildConfiguration;
			buildSettings = {
				ALWAYS_SEARCH_USER_PATHS = NO;
				ARCHS = "$(ARCHS_STANDARD_32_BIT)";
				CLANG_ENABLE_OBJC_ARC = YES;
				CODE_SIGN_IDENTITY = "iPhone Developer: Andrea Barbon (7WU452F7X9)";
				"CODE_SIGN_IDENTITY[sdk=iphoneos*]" = "iPhone Developer: Andrea Barbon (7WU452F7X9)";
				COPY_PHASE_STRIP = NO;
				GCC_C_LANGUAGE_STANDARD = gnu99;
				GCC_DYNAMIC_NO_PIC = NO;
				GCC_OPTIMIZATION_LEVEL = 0;
				GCC_PREPROCESSOR_DEFINITIONS = (
					"DEBUG=1",
					"$(inherited)",
				);
				GCC_SYMBOLS_PRIVATE_EXTERN = NO;
				GCC_VERSION = com.apple.compilers.llvm.clang.1_0;
				GCC_WARN_ABOUT_RETURN_TYPE = YES;
				GCC_WARN_UNINITIALIZED_AUTOS = YES;
				GCC_WARN_UNUSED_VARIABLE = YES;
				HEADER_SEARCH_PATHS = (
					"\"$(TARGET_BUILD_DIR)/usr/local/lib/include\"",
					"”$(OBJROOT)/UninstalledProducts/include”",
				);
				IPHONEOS_DEPLOYMENT_TARGET = 5.1;
				PROVISIONING_PROFILE = "02083D78-7DC8-4AE9-9BED-5433AC399DCA";
				"PROVISIONING_PROFILE[sdk=iphoneos*]" = "02083D78-7DC8-4AE9-9BED-5433AC399DCA";
				SDKROOT = iphoneos;
				TARGETED_DEVICE_FAMILY = "1,2";
			};
			name = Debug;
		};
		B84133D315ED35180086C917 /* Release */ = {
			isa = XCBuildConfiguration;
			buildSettings = {
				ALWAYS_SEARCH_USER_PATHS = NO;
				ARCHS = "$(ARCHS_STANDARD_32_BIT)";
				CLANG_ENABLE_OBJC_ARC = YES;
				CODE_SIGN_IDENTITY = "iPhone Developer: Andrea Barbon (7WU452F7X9)";
				"CODE_SIGN_IDENTITY[sdk=iphoneos*]" = "iPhone Developer: Andrea Barbon (7WU452F7X9)";
				COPY_PHASE_STRIP = YES;
				GCC_C_LANGUAGE_STANDARD = gnu99;
				GCC_VERSION = com.apple.compilers.llvm.clang.1_0;
				GCC_WARN_ABOUT_RETURN_TYPE = YES;
				GCC_WARN_UNINITIALIZED_AUTOS = YES;
				GCC_WARN_UNUSED_VARIABLE = YES;
				HEADER_SEARCH_PATHS = (
					"\"$(TARGET_BUILD_DIR)/usr/local/lib/include\"",
					"”$(OBJROOT)/UninstalledProducts/include”",
				);
				IPHONEOS_DEPLOYMENT_TARGET = 5.1;
				OTHER_CFLAGS = "-DNS_BLOCK_ASSERTIONS=1";
				PROVISIONING_PROFILE = "02083D78-7DC8-4AE9-9BED-5433AC399DCA";
				"PROVISIONING_PROFILE[sdk=iphoneos*]" = "02083D78-7DC8-4AE9-9BED-5433AC399DCA";
				SDKROOT = iphoneos;
				TARGETED_DEVICE_FAMILY = "1,2";
				VALIDATE_PRODUCT = YES;
			};
			name = Release;
		};
		B84133D515ED35180086C917 /* Debug */ = {
			isa = XCBuildConfiguration;
			buildSettings = {
				GCC_PRECOMPILE_PREFIX_HEADER = YES;
				GCC_PREFIX_HEADER = "Pettinelli/Pettinelli-Prefix.pch";
				HEADER_SEARCH_PATHS = "$(TARGET_BUILD_DIR)/usr/local/lib/include";
				INFOPLIST_FILE = "Pettinelli/Pettinelli-Info.plist";
				OTHER_LDFLAGS = "-ObjC";
				PRODUCT_NAME = "$(TARGET_NAME)";
				WRAPPER_EXTENSION = app;
			};
			name = Debug;
		};
		B84133D615ED35180086C917 /* Release */ = {
			isa = XCBuildConfiguration;
			buildSettings = {
				GCC_PRECOMPILE_PREFIX_HEADER = YES;
				GCC_PREFIX_HEADER = "Pettinelli/Pettinelli-Prefix.pch";
				HEADER_SEARCH_PATHS = "$(TARGET_BUILD_DIR)/usr/local/lib/include";
				INFOPLIST_FILE = "Pettinelli/Pettinelli-Info.plist";
				OTHER_LDFLAGS = "-ObjC";
				PRODUCT_NAME = "$(TARGET_NAME)";
				WRAPPER_EXTENSION = app;
			};
			name = Release;
		};
/* End XCBuildConfiguration section */

/* Begin XCConfigurationList section */
		B84133B615ED35180086C917 /* Build configuration list for PBXProject "Pettinelli" */ = {
			isa = XCConfigurationList;
			buildConfigurations = (
				B84133D215ED35180086C917 /* Debug */,
				B84133D315ED35180086C917 /* Release */,
			);
			defaultConfigurationIsVisible = 0;
			defaultConfigurationName = Release;
		};
		B84133D415ED35180086C917 /* Build configuration list for PBXNativeTarget "Pettinelli" */ = {
			isa = XCConfigurationList;
			buildConfigurations = (
				B84133D515ED35180086C917 /* Debug */,
				B84133D615ED35180086C917 /* Release */,
			);
			defaultConfigurationIsVisible = 0;
			defaultConfigurationName = Release;
		};
/* End XCConfigurationList section */
	};
	rootObject = B84133B315ED35180086C917 /* Project object */;
}
